
Microsoft Visual Studio Solution File, Format Version 12.00
# Visual Studio Version 17
VisualStudioVersion = 17.2.32616.157
MinimumVisualStudioVersion = 10.0.40219.1
Project("{FAE04EC0-301F-11D3-BF4B-00C04F79EFBC}") = "HelloWPFApp", "HelloWPFApp\HelloWPFApp.csproj", "{5B716F52-D6C4-4D24-9F91-551D001E87CE}"
EndProject
Global
	GlobalSection(SolutionConfigurationPlatforms) = preSolution
		Debug|Any CPU = Debug|Any CPU
		Release|Any CPU = Release|Any CPU
	EndGlobalSection
	GlobalSection(ProjectConfigurationPlatforms) = postSolution
		{5B716F52-D6C4-4D24-9F91-551D001E87CE}.Debug|Any CPU.ActiveCfg = Debug|Any CPU
		{5B716F52-D6C4-4D24-9F91-551D001E87CE}.Debug|Any CPU.Build.0 = Debug|Any CPU
		{5B716F52-D6C4-4D24-9F91-551D001E87CE}.Release|Any CPU.ActiveCfg = Release|Any CPU
		{5B716F52-D6C4-4D24-9F91-551D001E87CE}.Release|Any CPU.Build.0 = Release|Any CPU
	EndGlobalSection
	GlobalSection(SolutionProperties) = preSolution
		HideSolutionNode = FALSE
	EndGlobalSection
	GlobalSection(ExtensibilityGlobals) = postSolution
		SolutionGuid = {F4682D5F-C6D5-406A-B13F-16E98922BFA1}
	EndGlobalSection
EndGlobal
