
Microsoft Visual Studio Solution File, Format Version 12.00
# Visual Studio Version 17
VisualStudioVersion = 17.2.32616.157
MinimumVisualStudioVersion = 10.0.40219.1
Project("{FAE04EC0-301F-11D3-BF4B-00C04F79EFBC}") = "TheWesternMaze", "TheWesternMaze\TheWesternMaze.csproj", "{8A28059A-E9FC-4063-9BB3-5E9B44B61923}"
EndProject
Global
	GlobalSection(SolutionConfigurationPlatforms) = preSolution
		Debug|Any CPU = Debug|Any CPU
		Release|Any CPU = Release|Any CPU
	EndGlobalSection
	GlobalSection(ProjectConfigurationPlatforms) = postSolution
		{8A28059A-E9FC-4063-9BB3-5E9B44B61923}.Debug|Any CPU.ActiveCfg = Debug|Any CPU
		{8A28059A-E9FC-4063-9BB3-5E9B44B61923}.Debug|Any CPU.Build.0 = Debug|Any CPU
		{8A28059A-E9FC-4063-9BB3-5E9B44B61923}.Release|Any CPU.ActiveCfg = Release|Any CPU
		{8A28059A-E9FC-4063-9BB3-5E9B44B61923}.Release|Any CPU.Build.0 = Release|Any CPU
	EndGlobalSection
	GlobalSection(SolutionProperties) = preSolution
		HideSolutionNode = FALSE
	EndGlobalSection
	GlobalSection(ExtensibilityGlobals) = postSolution
		SolutionGuid = {FC5029D7-724C-450C-835A-65E82C46495B}
	EndGlobalSection
EndGlobal
